# Lockfile v4
# This file is automatically generated by Wapm.
# It is not intended for manual editing. The schema of this file may change.
[modules."isurfer21/date-shortener"."0.2.1".ds]
name = "ds"
package_version = "0.2.1"
package_name = "isurfer21/date-shortener"
package_path = "isurfer21/date-shortener@0.2.1"
resolved = "local"
resolved_source = "local"
abi = "wasi"
source = "target/wasm32-wasi/release/ds.wasm"
prehashed_module_key = "faff5b57cc864297ab8ddce4459f76465c6606319b7c8142cf6080a84b085b23667511c0b0cb29802029c653b395ba241d245756f74d50a95f8e352fcb85bf35"
[commands.ds]
name = "ds"
package_name = "isurfer21/date-shortener"
package_version = "0.2.1"
module = "ds"
is_top_level_dependency = true
